<?xml version="1.0" encoding="utf-8"?>
<Project ToolsVersion="4.0" xmlns="http://schemas.microsoft.com/developer/msbuild/2003">
  <ItemGroup>
    <Filter Include="Source Files">
      <UniqueIdentifier>{4FC737F1-C7A5-4376-A066-2A32D752A2FF}</UniqueIdentifier>
      <Extensions>cpp;c;cc;cxx;def;odl;idl;hpj;bat;asm;asmx</Extensions>
    </Filter>
    <Filter Include="Header Files">
      <UniqueIdentifier>{93995380-89BD-4b04-88EB-625FBE52EBFB}</UniqueIdentifier>
      <Extensions>h;hh;hpp;hxx;hm;inl;inc;xsd</Extensions>
    </Filter>
    <Filter Include="Resource Files">
      <UniqueIdentifier>{67DA6AB6-F800-4c08-8B7A-83BB121AAD01}</UniqueIdentifier>
      <Extensions>rc;ico;cur;bmp;dlg;rc2;rct;bin;rgs;gif;jpg;jpeg;jpe;resx;tiff;tif;png;wav;mfcribbon-ms</Extensions>
    </Filter>
  </ItemGroup>
  <ItemGroup>
    <ClCompile Include="Baimless.club\Features\Aimbot\Aimbot.cpp">
      <Filter>Source Files</Filter>
    </ClCompile>
    <ClCompile Include="Baimless.club\Features\Aimbot\Autowall.cpp">
      <Filter>Source Files</Filter>
    </ClCompile>
    <ClCompile Include="Baimless.club\Features\Aimbot\LagComp.cpp">
      <Filter>Source Files</Filter>
    </ClCompile>
    <ClCompile Include="Baimless.club\Features\AntiAim\AntiAim.cpp">
      <Filter>Source Files</Filter>
    </ClCompile>
    <ClCompile Include="Baimless.club\Features\bulletbeams\bullettracers.cpp">
      <Filter>Source Files</Filter>
    </ClCompile>
    <ClCompile Include="Baimless.club\Features\Legit\Legitbot.cpp">
      <Filter>Source Files</Filter>
    </ClCompile>
    <ClCompile Include="Baimless.club\Features\otheresp\otheresp.cpp">
      <Filter>Source Files</Filter>
    </ClCompile>
    <ClCompile Include="Baimless.club\Features\rankchanger\Protobuffs.cpp">
      <Filter>Source Files</Filter>
    </ClCompile>
    <ClCompile Include="Baimless.club\Features\Resolver\Resolver.cpp">
      <Filter>Source Files</Filter>
    </ClCompile>
    <ClCompile Include="Baimless.club\Features\Visuals\ESP.cpp">
      <Filter>Source Files</Filter>
    </ClCompile>
    <ClCompile Include="Baimless.club\SDK\CEntity.cpp">
      <Filter>Source Files</Filter>
    </ClCompile>
    <ClCompile Include="Baimless.club\Utils\GlobalVars.cpp">
      <Filter>Source Files</Filter>
    </ClCompile>
    <ClCompile Include="Baimless.club\Utils\Interfaces.cpp">
      <Filter>Source Files</Filter>
    </ClCompile>
    <ClCompile Include="Baimless.club\Utils\Math.cpp">
      <Filter>Source Files</Filter>
    </ClCompile>
    <ClCompile Include="Baimless.club\Utils\NetvarManager.cpp">
      <Filter>Source Files</Filter>
    </ClCompile>
    <ClCompile Include="Baimless.club\vfunct\vfuncthook.cpp">
      <Filter>Source Files</Filter>
    </ClCompile>
    <ClCompile Include="Baimless.club\buffer.c">
      <Filter>Source Files</Filter>
    </ClCompile>
    <ClCompile Include="Baimless.club\CFixMove.cpp">
      <Filter>Source Files</Filter>
    </ClCompile>
    <ClCompile Include="Baimless.club\Controls.cpp">
      <Filter>Source Files</Filter>
    </ClCompile>
    <ClCompile Include="Baimless.club\DLLMain.cpp">
      <Filter>Source Files</Filter>
    </ClCompile>
    <ClCompile Include="Baimless.club\grenadetracer.cpp">
      <Filter>Source Files</Filter>
    </ClCompile>
    <ClCompile Include="Baimless.club\GUI.cpp">
      <Filter>Source Files</Filter>
    </ClCompile>
    <ClCompile Include="Baimless.club\hde32.c">
      <Filter>Source Files</Filter>
    </ClCompile>
    <ClCompile Include="Baimless.club\hook.c">
      <Filter>Source Files</Filter>
    </ClCompile>
    <ClCompile Include="Baimless.club\hookknife.cpp">
      <Filter>Source Files</Filter>
    </ClCompile>
    <ClCompile Include="Baimless.club\Hooks.cpp">
      <Filter>Source Files</Filter>
    </ClCompile>
    <ClCompile Include="Baimless.club\newMenu.cpp">
      <Filter>Source Files</Filter>
    </ClCompile>
    <ClCompile Include="Baimless.club\Nightmode.cpp">
      <Filter>Source Files</Filter>
    </ClCompile>
    <ClCompile Include="Baimless.club\skinchanger.cpp">
      <Filter>Source Files</Filter>
    </ClCompile>
    <ClCompile Include="Baimless.club\tinyxml2.cpp">
      <Filter>Source Files</Filter>
    </ClCompile>
    <ClCompile Include="Baimless.club\trampoline.c">
      <Filter>Source Files</Filter>
    </ClCompile>
    <ClCompile Include="Baimless.club\vector3d.cpp">
      <Filter>Source Files</Filter>
    </ClCompile>
    <ClCompile Include="Baimless.club\Window.cpp">
      <Filter>Source Files</Filter>
    </ClCompile>
    <ClCompile Include="logs.cpp">
      <Filter>Source Files</Filter>
    </ClCompile>
    <ClCompile Include="Drops+.cpp">
      <Filter>Source Files</Filter>
    </ClCompile>
    <ClCompile Include="Visuals.cpp">
      <Filter>Source Files</Filter>
    </ClCompile>
    <ClCompile Include="Drop.cpp">
      <Filter>Source Files</Filter>
    </ClCompile>
    <ClCompile Include="md5.cpp">
      <Filter>Source Files</Filter>
    </ClCompile>
    <ClCompile Include="Baimless.club\imgui\impl\imgui_impl_dx9.cpp">
      <Filter>Source Files</Filter>
    </ClCompile>
    <ClCompile Include="Baimless.club\imgui\impl\imgui_impl_win32.cpp">
      <Filter>Source Files</Filter>
    </ClCompile>
    <ClCompile Include="Baimless.club\imgui\imgui.cpp">
      <Filter>Source Files</Filter>
    </ClCompile>
    <ClCompile Include="Baimless.club\imgui\imgui_draw.cpp">
      <Filter>Source Files</Filter>
    </ClCompile>
    <ClCompile Include="Baimless.club\imgui\imgui_widgets.cpp">
      <Filter>Source Files</Filter>
    </ClCompile>
    <ClCompile Include="Baimless.club\Render.cpp">
      <Filter>Source Files</Filter>
    </ClCompile>
    <ClCompile Include="Baimless.club\Input.cpp">
      <Filter>Source Files</Filter>
    </ClCompile>
    <ClCompile Include="Baimless.club\Menu.cpp">
      <Filter>Source Files</Filter>
    </ClCompile>
    <ClCompile Include="Baimless.club\OBS ESP.cpp">
      <Filter>Source Files</Filter>
    </ClCompile>
    <ClCompile Include="Baimless.club\http.cpp">
      <Filter>Source Files</Filter>
    </ClCompile>
    <ClCompile Include="Baimless.club\md5_hash.cpp">
      <Filter>Source Files</Filter>
    </ClCompile>
    <ClCompile Include="Baimless.club\Tabs\tab_Legitbot.cpp">
      <Filter>Source Files</Filter>
    </ClCompile>
    <ClCompile Include="Baimless.club\Tabs\tab_Main.cpp">
      <Filter>Source Files</Filter>
    </ClCompile>
    <ClCompile Include="Baimless.club\Tabs\tab_Misc.cpp">
      <Filter>Source Files</Filter>
    </ClCompile>
    <ClCompile Include="Baimless.club\Tabs\tab_Ragebot.cpp">
      <Filter>Source Files</Filter>
    </ClCompile>
    <ClCompile Include="Baimless.club\Tabs\tab_Players.cpp">
      <Filter>Source Files</Filter>
    </ClCompile>
    <ClCompile Include="Baimless.club\Tabs\tab_Visuals.cpp">
      <Filter>Source Files</Filter>
    </ClCompile>
    <ClCompile Include="Baimless.club\ui.cpp">
      <Filter>Source Files</Filter>
    </ClCompile>
    <ClCompile Include="Baimless.club\Tabs\tab_Login.cpp">
      <Filter>Source Files</Filter>
    </ClCompile>
    <ClCompile Include="Baimless.club\Tabs\tab_AntiAim.cpp">
      <Filter>Source Files</Filter>
    </ClCompile>
    <ClCompile Include="Baimless.club\Tabs\tab_Aimbot.cpp">
      <Filter>Source Files</Filter>
    </ClCompile>
    <ClCompile Include="Baimless.club\Options.cpp">
      <Filter>Source Files</Filter>
    </ClCompile>
    <ClCompile Include="Baimless.club\Tabs\tab_Skins.cpp">
      <Filter>Source Files</Filter>
    </ClCompile>
    <ClCompile Include="Baimless.club\Tabs\tab_Skin_Changer.cpp">
      <Filter>Source Files</Filter>
    </ClCompile>
    <ClCompile Include="Baimless.club\Newskinchanger.cpp">
      <Filter>Source Files</Filter>
    </ClCompile>
    <ClCompile Include="Baimless.club\Definitions.cpp">
      <Filter>Source Files</Filter>
    </ClCompile>
    <ClCompile Include="Baimless.club\kit_parser.cpp">
      <Filter>Source Files</Filter>
    </ClCompile>
    <ClCompile Include="Baimless.club\Config.cpp">
      <Filter>Source Files</Filter>
    </ClCompile>
    <ClCompile Include="Baimless.club\Tabs\tab_Knifes.cpp">
      <Filter>Source Files</Filter>
    </ClCompile>
    <ClCompile Include="Baimless.club\Tabs\tab_Weapons.cpp">
      <Filter>Source Files</Filter>
    </ClCompile>
    <ClCompile Include="Baimless.club\Tabs\tab_Gloves.cpp">
      <Filter>Source Files</Filter>
    </ClCompile>
    <ClCompile Include="Baimless.club\Entities.cpp">
      <Filter>Source Files</Filter>
    </ClCompile>
    <ClCompile Include="Baimless.club\AutoAccept.cpp">
      <Filter>Source Files</Filter>
    </ClCompile>
    <ClCompile Include="Baimless.club\GrenadeHelperAPI.cpp">
      <Filter>Source Files</Filter>
    </ClCompile>
    <ClCompile Include="Baimless.club\Render2.cpp">
      <Filter>Source Files</Filter>
    </ClCompile>
    <ClCompile Include="Baimless.club\Radar.cpp">
      <Filter>Source Files</Filter>
    </ClCompile>
    <ClCompile Include="Baimless.club\Features\Misc\Misc.cpp">
      <Filter>Source Files</Filter>
    </ClCompile>
    <ClCompile Include="Baimless.club\notifies.cpp">
      <Filter>Source Files</Filter>
    </ClCompile>
    <ClCompile Include="Baimless.club\Lucida.hpp">
      <Filter>Source Files</Filter>
    </ClCompile>
    <ClCompile Include="Baimless.club\watermark.cpp">
      <Filter>Source Files</Filter>
    </ClCompile>
  </ItemGroup>
  <ItemGroup>
    <ClInclude Include="Antario\Menu.h">
      <Filter>Header Files</Filter>
    </ClInclude>
    <ClInclude Include="Baimless.club\Features\Aimbot\Aimbot.h">
      <Filter>Header Files</Filter>
    </ClInclude>
    <ClInclude Include="Baimless.club\Features\Aimbot\Autowall.h">
      <Filter>Header Files</Filter>
    </ClInclude>
    <ClInclude Include="Baimless.club\Features\Aimbot\EnginePrediction.h">
      <Filter>Header Files</Filter>
    </ClInclude>
    <ClInclude Include="Baimless.club\Features\Aimbot\LagComp.h">
      <Filter>Header Files</Filter>
    </ClInclude>
    <ClInclude Include="Baimless.club\Features\AntiAim\AntiAim.h">
      <Filter>Header Files</Filter>
    </ClInclude>
    <ClInclude Include="Baimless.club\Features\bulletbeams\BeamInfo.hpp">
      <Filter>Header Files</Filter>
    </ClInclude>
    <ClInclude Include="Baimless.club\Features\bulletbeams\bullettracers.h">
      <Filter>Header Files</Filter>
    </ClInclude>
    <ClInclude Include="Baimless.club\Features\Legit\Legitbot.h">
      <Filter>Header Files</Filter>
    </ClInclude>
    <ClInclude Include="Baimless.club\Features\Misc\Misc.h">
      <Filter>Header Files</Filter>
    </ClInclude>
    <ClInclude Include="Baimless.club\Features\otheresp\otheresp.h">
      <Filter>Header Files</Filter>
    </ClInclude>
    <ClInclude Include="Baimless.club\Features\rankchanger\Protobuffs\inventory_changer.h">
      <Filter>Header Files</Filter>
    </ClInclude>
    <ClInclude Include="Baimless.club\Features\rankchanger\Protobuffs\profile_info_changer.h">
      <Filter>Header Files</Filter>
    </ClInclude>
    <ClInclude Include="Baimless.club\Features\rankchanger\Protobuffs\ProtobuffMessages.h">
      <Filter>Header Files</Filter>
    </ClInclude>
    <ClInclude Include="Baimless.club\Features\rankchanger\Protobuffs\ProtoField.h">
      <Filter>Header Files</Filter>
    </ClInclude>
    <ClInclude Include="Baimless.club\Features\rankchanger\Protobuffs\ProtoWriter.h">
      <Filter>Header Files</Filter>
    </ClInclude>
    <ClInclude Include="Baimless.club\Features\rankchanger\IMemAlloc.h">
      <Filter>Header Files</Filter>
    </ClInclude>
    <ClInclude Include="Baimless.club\Features\rankchanger\ProtobuffMessages.h">
      <Filter>Header Files</Filter>
    </ClInclude>
    <ClInclude Include="Baimless.club\Features\rankchanger\Protobuffs.h">
      <Filter>Header Files</Filter>
    </ClInclude>
    <ClInclude Include="Baimless.club\Features\rankchanger\rankchanger.h">
      <Filter>Header Files</Filter>
    </ClInclude>
    <ClInclude Include="Baimless.club\Features\rankchanger\steam.h">
      <Filter>Header Files</Filter>
    </ClInclude>
    <ClInclude Include="Baimless.club\Features\Resolver\Resolver.h">
      <Filter>Header Files</Filter>
    </ClInclude>
    <ClInclude Include="Baimless.club\Features\Visuals\ESP.h">
      <Filter>Header Files</Filter>
    </ClInclude>
    <ClInclude Include="Baimless.club\Features\Features.h">
      <Filter>Header Files</Filter>
    </ClInclude>
    <ClInclude Include="Baimless.club\Features\singleston.h">
      <Filter>Header Files</Filter>
    </ClInclude>
    <ClInclude Include="Baimless.club\SDK\AppSystem.h">
      <Filter>Header Files</Filter>
    </ClInclude>
    <ClInclude Include="Baimless.club\SDK\bspflags.h">
      <Filter>Header Files</Filter>
    </ClInclude>
    <ClInclude Include="Baimless.club\SDK\CEntity.h">
      <Filter>Header Files</Filter>
    </ClInclude>
    <ClInclude Include="Baimless.club\SDK\CGlobalVarsBase.h">
      <Filter>Header Files</Filter>
    </ClInclude>
    <ClInclude Include="Baimless.club\SDK\CHandle.h">
      <Filter>Header Files</Filter>
    </ClInclude>
    <ClInclude Include="Baimless.club\SDK\CInput.h">
      <Filter>Header Files</Filter>
    </ClInclude>
    <ClInclude Include="Baimless.club\SDK\ClientClass.h">
      <Filter>Header Files</Filter>
    </ClInclude>
    <ClInclude Include="Baimless.club\SDK\CModelRender.h">
      <Filter>Header Files</Filter>
    </ClInclude>
    <ClInclude Include="Baimless.club\SDK\CPrediction.h">
      <Filter>Header Files</Filter>
    </ClInclude>
    <ClInclude Include="Baimless.club\SDK\Definitions.h">
      <Filter>Header Files</Filter>
    </ClInclude>
    <ClInclude Include="Baimless.club\SDK\Hitboxes.h">
      <Filter>Header Files</Filter>
    </ClInclude>
    <ClInclude Include="Baimless.club\SDK\IBaseClientDll.h">
      <Filter>Header Files</Filter>
    </ClInclude>
    <ClInclude Include="Baimless.club\SDK\IClientEntity.h">
      <Filter>Header Files</Filter>
    </ClInclude>
    <ClInclude Include="Baimless.club\SDK\IClientEntityList.h">
      <Filter>Header Files</Filter>
    </ClInclude>
    <ClInclude Include="Baimless.club\SDK\IClientMode.h">
      <Filter>Header Files</Filter>
    </ClInclude>
    <ClInclude Include="Baimless.club\SDK\IClientNetworkable.h">
      <Filter>Header Files</Filter>
    </ClInclude>
    <ClInclude Include="Baimless.club\SDK\IClientRenderable.h">
      <Filter>Header Files</Filter>
    </ClInclude>
    <ClInclude Include="Baimless.club\SDK\IClientThinkable.h">
      <Filter>Header Files</Filter>
    </ClInclude>
    <ClInclude Include="Baimless.club\SDK\IClientUnknown.h">
      <Filter>Header Files</Filter>
    </ClInclude>
    <ClInclude Include="Baimless.club\SDK\ICvar.h">
      <Filter>Header Files</Filter>
    </ClInclude>
    <ClInclude Include="Baimless.club\SDK\IEngineTrace.h">
      <Filter>Header Files</Filter>
    </ClInclude>
    <ClInclude Include="Baimless.club\SDK\IGameEvent.h">
      <Filter>Header Files</Filter>
    </ClInclude>
    <ClInclude Include="Baimless.club\SDK\IMaterial.h">
      <Filter>Header Files</Filter>
    </ClInclude>
    <ClInclude Include="Baimless.club\SDK\IMDLCache.h">
      <Filter>Header Files</Filter>
    </ClInclude>
    <ClInclude Include="Baimless.club\SDK\InputSystem.h">
      <Filter>Header Files</Filter>
    </ClInclude>
    <ClInclude Include="Baimless.club\SDK\ISurface.h">
      <Filter>Header Files</Filter>
    </ClInclude>
    <ClInclude Include="Baimless.club\SDK\ISurfaceData.h">
      <Filter>Header Files</Filter>
    </ClInclude>
    <ClInclude Include="Baimless.club\SDK\IVEngineClient.h">
      <Filter>Header Files</Filter>
    </ClInclude>
    <ClInclude Include="Baimless.club\SDK\IVModelInfo.h">
      <Filter>Header Files</Filter>
    </ClInclude>
    <ClInclude Include="Baimless.club\SDK\IVRenderBeam.h">
      <Filter>Header Files</Filter>
    </ClInclude>
    <ClInclude Include="Baimless.club\SDK\IVRenderView.h">
      <Filter>Header Files</Filter>
    </ClInclude>
    <ClInclude Include="Baimless.club\SDK\KeyValues.h">
      <Filter>Header Files</Filter>
    </ClInclude>
    <ClInclude Include="Baimless.club\SDK\PlayerInfo.h">
      <Filter>Header Files</Filter>
    </ClInclude>
    <ClInclude Include="Baimless.club\SDK\Recv.h">
      <Filter>Header Files</Filter>
    </ClInclude>
    <ClInclude Include="Baimless.club\SDK\Vector.h">
      <Filter>Header Files</Filter>
    </ClInclude>
    <ClInclude Include="Baimless.club\SDK\VMatrix.h">
      <Filter>Header Files</Filter>
    </ClInclude>
    <ClInclude Include="Baimless.club\Utils\Color.h">
      <Filter>Header Files</Filter>
    </ClInclude>
    <ClInclude Include="Baimless.club\Utils\GlobalVars.h">
      <Filter>Header Files</Filter>
    </ClInclude>
    <ClInclude Include="Baimless.club\Utils\Interfaces.h">
      <Filter>Header Files</Filter>
    </ClInclude>
    <ClInclude Include="Baimless.club\Utils\Math.h">
      <Filter>Header Files</Filter>
    </ClInclude>
    <ClInclude Include="Baimless.club\Utils\NetvarManager.h">
      <Filter>Header Files</Filter>
    </ClInclude>
    <ClInclude Include="Baimless.club\Utils\SPoint.h">
      <Filter>Header Files</Filter>
    </ClInclude>
    <ClInclude Include="Baimless.club\Utils\SRect.h">
      <Filter>Header Files</Filter>
    </ClInclude>
    <ClInclude Include="Baimless.club\Utils\Utils.h">
      <Filter>Header Files</Filter>
    </ClInclude>
    <ClInclude Include="Baimless.club\Utils\XorStr.h">
      <Filter>Header Files</Filter>
    </ClInclude>
    <ClInclude Include="Baimless.club\vfunct\vfuncthook.h">
      <Filter>Header Files</Filter>
    </ClInclude>
    <ClInclude Include="Baimless.club\buffer.h">
      <Filter>Header Files</Filter>
    </ClInclude>
    <ClInclude Include="Baimless.club\CFixMove.h">
      <Filter>Header Files</Filter>
    </ClInclude>
    <ClInclude Include="Baimless.club\CommonIncludes.h">
      <Filter>Header Files</Filter>
    </ClInclude>
    <ClInclude Include="Baimless.club\Controls.h">
      <Filter>Header Files</Filter>
    </ClInclude>
    <ClInclude Include="Baimless.club\detourhooks.h">
      <Filter>Header Files</Filter>
    </ClInclude>
    <ClInclude Include="Baimless.club\Fonts.h">
      <Filter>Header Files</Filter>
    </ClInclude>
    <ClInclude Include="Baimless.club\glow.h">
      <Filter>Header Files</Filter>
    </ClInclude>
    <ClInclude Include="Baimless.club\grenadetracer.h">
      <Filter>Header Files</Filter>
    </ClInclude>
    <ClInclude Include="Baimless.club\GUI.h">
      <Filter>Header Files</Filter>
    </ClInclude>
    <ClInclude Include="Baimless.club\hde32.h">
      <Filter>Header Files</Filter>
    </ClInclude>
    <ClInclude Include="Baimless.club\hookknife.h">
      <Filter>Header Files</Filter>
    </ClInclude>
    <ClInclude Include="Baimless.club\Hooks.h">
      <Filter>Header Files</Filter>
    </ClInclude>
    <ClInclude Include="Baimless.club\MinHook.h">
      <Filter>Header Files</Filter>
    </ClInclude>
    <ClInclude Include="Baimless.club\newMenu.h">
      <Filter>Header Files</Filter>
    </ClInclude>
    <ClInclude Include="Baimless.club\Nightmode.h">
      <Filter>Header Files</Filter>
    </ClInclude>
    <ClInclude Include="Baimless.club\Playerlist.h">
      <Filter>Header Files</Filter>
    </ClInclude>
    <ClInclude Include="Baimless.club\Proxies.h">
      <Filter>Header Files</Filter>
    </ClInclude>
    <ClInclude Include="Baimless.club\pstdint.h">
      <Filter>Header Files</Filter>
    </ClInclude>
    <ClInclude Include="Baimless.club\Singleton.h">
      <Filter>Header Files</Filter>
    </ClInclude>
    <ClInclude Include="Baimless.club\skinchanger.h">
      <Filter>Header Files</Filter>
    </ClInclude>
    <ClInclude Include="Baimless.club\table32.h">
      <Filter>Header Files</Filter>
    </ClInclude>
    <ClInclude Include="Baimless.club\tinyxml2.h">
      <Filter>Header Files</Filter>
    </ClInclude>
    <ClInclude Include="Baimless.club\trampoline.h">
      <Filter>Header Files</Filter>
    </ClInclude>
    <ClInclude Include="Baimless.club\uselesshitbytes.h">
      <Filter>Header Files</Filter>
    </ClInclude>
    <ClInclude Include="Baimless.club\vector2d.h">
      <Filter>Header Files</Filter>
    </ClInclude>
    <ClInclude Include="Baimless.club\vector3d.h">
      <Filter>Header Files</Filter>
    </ClInclude>
    <ClInclude Include="Baimless.club\XorStr.hpp">
      <Filter>Header Files</Filter>
    </ClInclude>
    <ClInclude Include="logs.h">
      <Filter>Source Files</Filter>
    </ClInclude>
    <ClInclude Include="sounds.h">
      <Filter>Header Files</Filter>
    </ClInclude>
    <ClInclude Include="Drops+.h">
      <Filter>Source Files</Filter>
    </ClInclude>
    <ClInclude Include="Visuals.h">
      <Filter>Source Files</Filter>
    </ClInclude>
    <ClInclude Include="cthash.h">
      <Filter>Source Files</Filter>
    </ClInclude>
    <ClInclude Include="string_obfuscation.h">
      <Filter>Source Files</Filter>
    </ClInclude>
    <ClInclude Include="random.h">
      <Filter>Source Files</Filter>
    </ClInclude>
    <ClInclude Include="Drop.h">
      <Filter>Source Files</Filter>
    </ClInclude>
    <ClInclude Include="md5.h">
      <Filter>Source Files</Filter>
    </ClInclude>
    <ClInclude Include="Baimless.club\imgui\impl\imgui_impl_dx9.h">
      <Filter>Header Files</Filter>
    </ClInclude>
    <ClInclude Include="Baimless.club\imgui\impl\imgui_impl_win32.h">
      <Filter>Header Files</Filter>
    </ClInclude>
    <ClInclude Include="Baimless.club\imgui\imconfig.h">
      <Filter>Header Files</Filter>
    </ClInclude>
    <ClInclude Include="Baimless.club\imgui\imgui.h">
      <Filter>Header Files</Filter>
    </ClInclude>
    <ClInclude Include="Baimless.club\imgui\imgui_internal.h">
      <Filter>Header Files</Filter>
    </ClInclude>
    <ClInclude Include="Baimless.club\imgui\imstb_rectpack.h">
      <Filter>Header Files</Filter>
    </ClInclude>
    <ClInclude Include="Baimless.club\imgui\imstb_textedit.h">
      <Filter>Header Files</Filter>
    </ClInclude>
    <ClInclude Include="Baimless.club\imgui\imstb_truetype.h">
      <Filter>Header Files</Filter>
    </ClInclude>
    <ClInclude Include="Baimless.club\Render.h">
      <Filter>Header Files</Filter>
    </ClInclude>
    <ClInclude Include="Baimless.club\Input.h">
      <Filter>Header Files</Filter>
    </ClInclude>
    <ClInclude Include="Baimless.club\fonts\cousine.hpp">
      <Filter>Header Files</Filter>
    </ClInclude>
    <ClInclude Include="Baimless.club\fonts\droid.hpp">
      <Filter>Header Files</Filter>
    </ClInclude>
    <ClInclude Include="Baimless.club\fonts\fonts.hpp">
      <Filter>Header Files</Filter>
    </ClInclude>
    <ClInclude Include="Baimless.club\Menu.h">
      <Filter>Header Files</Filter>
    </ClInclude>
    <ClInclude Include="Baimless.club\OBS ESP.h">
      <Filter>Header Files</Filter>
    </ClInclude>
    <ClInclude Include="Baimless.club\Options.hpp">
      <Filter>Header Files</Filter>
    </ClInclude>
    <ClInclude Include="Baimless.club\http.h">
      <Filter>Header Files</Filter>
    </ClInclude>
    <ClInclude Include="Baimless.club\http\HTTPRequest.hpp">
      <Filter>Header Files</Filter>
    </ClInclude>
    <ClInclude Include="Baimless.club\md5_hash.h">
      <Filter>Header Files</Filter>
    </ClInclude>
    <ClInclude Include="Baimless.club\nlohmann\json.hpp">
      <Filter>Header Files</Filter>
    </ClInclude>
    <ClInclude Include="Baimless.club\ui.h">
      <Filter>Header Files</Filter>
    </ClInclude>
    <ClInclude Include="Baimless.club\B2 Icon.h">
      <Filter>Header Files</Filter>
    </ClInclude>
    <ClInclude Include="Baimless.club\BAR Icon.h">
      <Filter>Header Files</Filter>
    </ClInclude>
    <ClInclude Include="Baimless.club\hitscan.h">
      <Filter>Header Files</Filter>
    </ClInclude>
    <ClInclude Include="Baimless.club\Weapons.hpp">
      <Filter>Header Files</Filter>
    </ClInclude>
    <ClInclude Include="Baimless.club\Arial.hpp">
      <Filter>Header Files</Filter>
    </ClInclude>
    <ClInclude Include="Baimless.club\Font.hpp">
      <Filter>Header Files</Filter>
    </ClInclude>
    <ClInclude Include="Baimless.club\Newskinchanger.h">
      <Filter>Header Files</Filter>
    </ClInclude>
    <ClInclude Include="Baimless.club\Definitions.h">
      <Filter>Header Files</Filter>
    </ClInclude>
    <ClInclude Include="Baimless.club\kit_parser.h">
      <Filter>Header Files</Filter>
    </ClInclude>
    <ClInclude Include="Baimless.club\SDK\ILocalize.h">
      <Filter>Header Files</Filter>
    </ClInclude>
    <ClInclude Include="Baimless.club\SDK\IAppSystem.h">
      <Filter>Header Files</Filter>
    </ClInclude>
    <ClInclude Include="Baimless.club\Config.h">
      <Filter>Header Files</Filter>
    </ClInclude>
    <ClInclude Include="Baimless.club\json.h">
      <Filter>Header Files</Filter>
    </ClInclude>
    <ClInclude Include="Baimless.club\rapidjson\error\en.h">
      <Filter>Header Files</Filter>
    </ClInclude>
    <ClInclude Include="Baimless.club\rapidjson\error\error.h">
      <Filter>Header Files</Filter>
    </ClInclude>
    <ClInclude Include="Baimless.club\rapidjson\internal\biginteger.h">
      <Filter>Header Files</Filter>
    </ClInclude>
    <ClInclude Include="Baimless.club\rapidjson\internal\diyfp.h">
      <Filter>Header Files</Filter>
    </ClInclude>
    <ClInclude Include="Baimless.club\rapidjson\internal\dtoa.h">
      <Filter>Header Files</Filter>
    </ClInclude>
    <ClInclude Include="Baimless.club\rapidjson\internal\ieee754.h">
      <Filter>Header Files</Filter>
    </ClInclude>
    <ClInclude Include="Baimless.club\rapidjson\internal\itoa.h">
      <Filter>Header Files</Filter>
    </ClInclude>
    <ClInclude Include="Baimless.club\rapidjson\internal\meta.h">
      <Filter>Header Files</Filter>
    </ClInclude>
    <ClInclude Include="Baimless.club\rapidjson\internal\pow10.h">
      <Filter>Header Files</Filter>
    </ClInclude>
    <ClInclude Include="Baimless.club\rapidjson\internal\regex.h">
      <Filter>Header Files</Filter>
    </ClInclude>
    <ClInclude Include="Baimless.club\rapidjson\internal\stack.h">
      <Filter>Header Files</Filter>
    </ClInclude>
    <ClInclude Include="Baimless.club\rapidjson\internal\strfunc.h">
      <Filter>Header Files</Filter>
    </ClInclude>
    <ClInclude Include="Baimless.club\rapidjson\internal\strtod.h">
      <Filter>Header Files</Filter>
    </ClInclude>
    <ClInclude Include="Baimless.club\rapidjson\internal\swap.h">
      <Filter>Header Files</Filter>
    </ClInclude>
    <ClInclude Include="Baimless.club\rapidjson\msinttypes\inttypes.h">
      <Filter>Header Files</Filter>
    </ClInclude>
    <ClInclude Include="Baimless.club\rapidjson\msinttypes\stdint.h">
      <Filter>Header Files</Filter>
    </ClInclude>
    <ClInclude Include="Baimless.club\rapidjson\allocators.h">
      <Filter>Header Files</Filter>
    </ClInclude>
    <ClInclude Include="Baimless.club\rapidjson\document.h">
      <Filter>Header Files</Filter>
    </ClInclude>
    <ClInclude Include="Baimless.club\rapidjson\encodedstream.h">
      <Filter>Header Files</Filter>
    </ClInclude>
    <ClInclude Include="Baimless.club\rapidjson\encodings.h">
      <Filter>Header Files</Filter>
    </ClInclude>
    <ClInclude Include="Baimless.club\rapidjson\filereadstream.h">
      <Filter>Header Files</Filter>
    </ClInclude>
    <ClInclude Include="Baimless.club\rapidjson\filewritestream.h">
      <Filter>Header Files</Filter>
    </ClInclude>
    <ClInclude Include="Baimless.club\rapidjson\fwd.h">
      <Filter>Header Files</Filter>
    </ClInclude>
    <ClInclude Include="Baimless.club\rapidjson\istreamwrapper.h">
      <Filter>Header Files</Filter>
    </ClInclude>
    <ClInclude Include="Baimless.club\rapidjson\memorybuffer.h">
      <Filter>Header Files</Filter>
    </ClInclude>
    <ClInclude Include="Baimless.club\rapidjson\memorystream.h">
      <Filter>Header Files</Filter>
    </ClInclude>
    <ClInclude Include="Baimless.club\rapidjson\ostreamwrapper.h">
      <Filter>Header Files</Filter>
    </ClInclude>
    <ClInclude Include="Baimless.club\rapidjson\pointer.h">
      <Filter>Header Files</Filter>
    </ClInclude>
    <ClInclude Include="Baimless.club\rapidjson\prettywriter.h">
      <Filter>Header Files</Filter>
    </ClInclude>
    <ClInclude Include="Baimless.club\rapidjson\rapidjson.h">
      <Filter>Header Files</Filter>
    </ClInclude>
    <ClInclude Include="Baimless.club\rapidjson\reader.h">
      <Filter>Header Files</Filter>
    </ClInclude>
    <ClInclude Include="Baimless.club\rapidjson\schema.h">
      <Filter>Header Files</Filter>
    </ClInclude>
    <ClInclude Include="Baimless.club\rapidjson\stream.h">
      <Filter>Header Files</Filter>
    </ClInclude>
    <ClInclude Include="Baimless.club\rapidjson\stringbuffer.h">
      <Filter>Header Files</Filter>
    </ClInclude>
    <ClInclude Include="Baimless.club\rapidjson\writer.h">
      <Filter>Header Files</Filter>
    </ClInclude>
    <ClInclude Include="Baimless.club\SDK\IEngineSound.h">
      <Filter>Header Files</Filter>
    </ClInclude>
    <ClInclude Include="Baimless.club\SDK\UtlVector.h">
      <Filter>Header Files</Filter>
    </ClInclude>
    <ClInclude Include="Baimless.club\EnginePrediction.h">
      <Filter>Header Files</Filter>
    </ClInclude>
    <ClInclude Include="Baimless.club\fnv.h">
      <Filter>Header Files</Filter>
    </ClInclude>
    <ClInclude Include="Baimless.club\Entities.h">
      <Filter>Header Files</Filter>
    </ClInclude>
    <ClInclude Include="Baimless.club\AutoAccept.h">
      <Filter>Header Files</Filter>
    </ClInclude>
    <ClInclude Include="Baimless.club\GrenadeHelperAPI.h">
      <Filter>Header Files</Filter>
    </ClInclude>
    <ClInclude Include="Baimless.club\Render2.h">
      <Filter>Header Files</Filter>
    </ClInclude>
    <ClInclude Include="Baimless.club\NetworkStringTable.h">
      <Filter>Header Files</Filter>
    </ClInclude>
    <ClInclude Include="Baimless.club\SDK\IVModelInfoClient.h">
      <Filter>Header Files</Filter>
    </ClInclude>
    <ClInclude Include="Baimless.club\SDK\IViewRender.h">
      <Filter>Header Files</Filter>
    </ClInclude>
    <ClInclude Include="Baimless.club\Radar.h">
      <Filter>Header Files</Filter>
    </ClInclude>
    <ClInclude Include="Baimless.club\fnv_hash.hpp">
      <Filter>Header Files</Filter>
    </ClInclude>
    <ClInclude Include="Baimless.club\Movement.h">
      <Filter>Header Files</Filter>
    </ClInclude>
    <ClInclude Include="Baimless.club\notifies.h">
      <Filter>Header Files</Filter>
    </ClInclude>
    <ClInclude Include="Baimless.club\watermark.h">
      <Filter>Header Files</Filter>
    </ClInclude>
  </ItemGroup>
  <ItemGroup>
    <Font Include="DLL\Fonts\Arial.ttf" />
    <Font Include="DLL\Fonts\astriumwep.ttf" />
    <Font Include="DLL\Fonts\Verdana.ttf" />
  </ItemGroup>
  <ItemGroup>
    <None Include="DLL\Baimless.club.dll" />
    <None Include="DLL\Baimless.club.map" />
    <None Include="DLL\Baimless.club.pdb" />
    <None Include="DLL\Injector.exe" />
  </ItemGroup>
</Project>